<?xml version="1.0" encoding="utf-8"?>
<Project ToolsVersion="4.0" xmlns="http://schemas.microsoft.com/developer/msbuild/2003">
  <ItemGroup>
    <Filter Include="Engine">
      <UniqueIdentifier>{b193ee47-09db-45b7-9d22-5bf8325904d5}</UniqueIdentifier>
    </Filter>
    <Filter Include="Default">
      <UniqueIdentifier>{09103bb5-d97f-4769-8abc-143fb9178134}</UniqueIdentifier>
    </Filter>
    <Filter Include="Default\Andromeda">
      <UniqueIdentifier>{b415ae23-506a-40ed-803b-22fd558d9ef9}</UniqueIdentifier>
    </Filter>
    <Filter Include="Default\Source Files">
      <UniqueIdentifier>{4FC737F1-C7A5-4376-A066-2A32D752A2FF}</UniqueIdentifier>
      <Extensions>cpp;c;cc;cxx;c++;cppm;ixx;def;odl;idl;hpj;bat;asm;asmx</Extensions>
    </Filter>
    <Filter Include="Default\Resource Files">
      <UniqueIdentifier>{67DA6AB6-F800-4c08-8B7A-83BB121AAD01}</UniqueIdentifier>
      <Extensions>rc;ico;cur;bmp;dlg;rc2;rct;bin;rgs;gif;jpg;jpeg;jpe;resx;tiff;tif;png;wav;mfcribbon-ms</Extensions>
    </Filter>
    <Filter Include="Engine\01.Header">
      <UniqueIdentifier>{4c30c50a-d579-4e42-8dc2-29a6b50e0636}</UniqueIdentifier>
    </Filter>
    <Filter Include="Engine\02.Core">
      <UniqueIdentifier>{3f8e043b-9392-4bde-886d-6d00c30563f6}</UniqueIdentifier>
    </Filter>
    <Filter Include="Engine\03.Manager">
      <UniqueIdentifier>{4798d788-2eda-4f7e-9dc8-73b7b37f1521}</UniqueIdentifier>
    </Filter>
    <Filter Include="Engine\03.Manager\Key">
      <UniqueIdentifier>{42cfc32e-98f3-4205-890b-f6c76959ec36}</UniqueIdentifier>
    </Filter>
    <Filter Include="Engine\04.Object">
      <UniqueIdentifier>{62631832-b672-48bc-9578-dd8bba0454ab}</UniqueIdentifier>
    </Filter>
    <Filter Include="Engine\03.Manager\Time">
      <UniqueIdentifier>{fa2fd548-d469-4893-af64-0323fea5beb3}</UniqueIdentifier>
    </Filter>
    <Filter Include="Engine\05.Scene">
      <UniqueIdentifier>{d9dc82cf-7035-4715-9905-e8f7413c8ef3}</UniqueIdentifier>
    </Filter>
    <Filter Include="Engine\03.Manager\Scene">
      <UniqueIdentifier>{ba0a05be-8709-4c0a-af9d-4a2d14d4760a}</UniqueIdentifier>
    </Filter>
    <Filter Include="Engine\05.Scene\Scenes">
      <UniqueIdentifier>{49e79447-399b-443d-9aa4-3c9f02a9d358}</UniqueIdentifier>
    </Filter>
    <Filter Include="Engine\99.Utils">
      <UniqueIdentifier>{82b2921c-45aa-4512-961e-bd52cfc4cf41}</UniqueIdentifier>
    </Filter>
    <Filter Include="Engine\06.Resource">
      <UniqueIdentifier>{0ebae5c2-ab8a-482c-8852-62de0b300b03}</UniqueIdentifier>
    </Filter>
    <Filter Include="Engine\06.Resource\Texture">
      <UniqueIdentifier>{a7723c34-0688-4713-af0e-df09d4c7cd89}</UniqueIdentifier>
    </Filter>
    <Filter Include="Engine\06.Resource\Sound">
      <UniqueIdentifier>{4e00d2d2-f408-4227-abef-c90eac219e25}</UniqueIdentifier>
    </Filter>
    <Filter Include="Engine\03.Manager\PathManager">
      <UniqueIdentifier>{fa4a32ac-2833-41c1-abdc-00840c2d5267}</UniqueIdentifier>
    </Filter>
    <Filter Include="Engine\03.Manager\ResourceManager">
      <UniqueIdentifier>{9383cfa1-d0be-44f0-bee2-089b4bbccae6}</UniqueIdentifier>
    </Filter>
    <Filter Include="Engine\99.Utils\SelectGDI">
      <UniqueIdentifier>{be4c4a96-3eb8-417e-8c24-5061a9e12c60}</UniqueIdentifier>
    </Filter>
    <Filter Include="Engine\03.Manager\CollisionManager">
      <UniqueIdentifier>{d9c5a962-bd3c-48ed-ad5b-dfb9a64cc542}</UniqueIdentifier>
    </Filter>
    <Filter Include="Engine\03.Manager\EventManager">
      <UniqueIdentifier>{97eafc1d-f96d-470e-9dc2-e76d3343de46}</UniqueIdentifier>
    </Filter>
    <Filter Include="Engine\07.Component">
      <UniqueIdentifier>{40ba90e3-2457-403d-adde-17a491f3d333}</UniqueIdentifier>
    </Filter>
    <Filter Include="Engine\07.Component\Collider">
      <UniqueIdentifier>{469d7805-a4b0-465a-a9ea-226047dc586b}</UniqueIdentifier>
    </Filter>
    <Filter Include="Engine\07.Component\Movement">
      <UniqueIdentifier>{6de9c4b8-0b4b-4e65-9b88-74cebeb278b0}</UniqueIdentifier>
    </Filter>
    <Filter Include="Engine\07.Component\ChildComponent">
      <UniqueIdentifier>{db88bf32-ed76-4fff-8e49-1f2b7d3c8398}</UniqueIdentifier>
    </Filter>
    <Filter Include="Engine\07.Component\ChildComponent\Animations">
      <UniqueIdentifier>{a85bb016-16b3-4c33-a3ff-c1bbb848defd}</UniqueIdentifier>
    </Filter>
    <Filter Include="Engine\07.Component\Animator">
      <UniqueIdentifier>{3c7c6fdc-1c60-445c-befe-20063c0a80ea}</UniqueIdentifier>
    </Filter>
    <Filter Include="Engine\08.Camera">
      <UniqueIdentifier>{7d1a825b-09f4-4a79-a9da-51a8f9bb9c39}</UniqueIdentifier>
    </Filter>
    <Filter Include="Engine\04.Object\UI_Object">
      <UniqueIdentifier>{bb6d6b88-2bab-4a2d-b413-e01662f0df98}</UniqueIdentifier>
    </Filter>
    <Filter Include="Engine\04.Object\GameObject">
      <UniqueIdentifier>{8db662e9-256b-4138-94a8-0c74f7d0e151}</UniqueIdentifier>
    </Filter>
    <Filter Include="Engine\03.Manager\Key\Command">
      <UniqueIdentifier>{37021073-a4d8-4522-81c4-6b0a37be611a}</UniqueIdentifier>
    </Filter>
    <Filter Include="Engine\03.Manager\Key\Command\FireMissile">
      <UniqueIdentifier>{d89f3035-8d3f-42f1-aeb4-d8bc3ec2b9e7}</UniqueIdentifier>
    </Filter>
    <Filter Include="Engine\07.Component\InputHandler">
      <UniqueIdentifier>{5b0d688a-841f-4ea9-a485-f082c1183d13}</UniqueIdentifier>
    </Filter>
    <Filter Include="Engine\04.Object\GameObject\Tile">
      <UniqueIdentifier>{44d73c3b-d7e1-4a5c-87be-9364032bf98d}</UniqueIdentifier>
    </Filter>
    <Filter Include="Engine\04.Object\GameObject\UnitObject">
      <UniqueIdentifier>{e0f185f4-a3cd-4d89-9658-54653a829e9e}</UniqueIdentifier>
    </Filter>
    <Filter Include="Engine\04.Object\GameObject\UnitObject\Monster">
      <UniqueIdentifier>{bfffd152-c4f7-4fb8-b8e1-492826975bf7}</UniqueIdentifier>
    </Filter>
    <Filter Include="Engine\04.Object\GameObject\UnitObject\Player">
      <UniqueIdentifier>{6d701a18-122c-43b2-a471-f1404499f4f2}</UniqueIdentifier>
    </Filter>
    <Filter Include="Engine\04.Object\GameObject\UnitObject\Player\ProjectileLine">
      <UniqueIdentifier>{e6cd871d-1d6c-45c8-be79-4b76483fcf9f}</UniqueIdentifier>
    </Filter>
    <Filter Include="Engine\04.Object\GameObject\UnitObject\Projectile">
      <UniqueIdentifier>{dae72f3a-3760-447a-875f-264d5a584efd}</UniqueIdentifier>
    </Filter>
    <Filter Include="Engine\04.Object\GameObject\UnitObject\Projectile\Projectile_Sin">
      <UniqueIdentifier>{9ac14e2b-aa4f-425c-ab7c-60405d1fca6c}</UniqueIdentifier>
    </Filter>
    <Filter Include="Engine\04.Object\GameObject\UnitObject\Projectile\Projectile_Cos">
      <UniqueIdentifier>{c75f852c-cac6-4663-b36b-6e482a8e2bcc}</UniqueIdentifier>
    </Filter>
    <Filter Include="Engine\04.Object\GameObject\UnitObject\Rect">
      <UniqueIdentifier>{db40a4e5-666c-40d7-8d1c-538f67d08d8a}</UniqueIdentifier>
    </Filter>
    <Filter Include="Engine\04.Object\GameObject\UnitObject\Rect\Brick">
      <UniqueIdentifier>{0621947d-6977-41f6-947d-e2a3bd401c60}</UniqueIdentifier>
    </Filter>
    <Filter Include="Engine\04.Object\UI_Object\GameUI">
      <UniqueIdentifier>{1ff3530d-63e6-4c45-8026-85c3a989e869}</UniqueIdentifier>
    </Filter>
    <Filter Include="Engine\03.Manager\UIManager">
      <UniqueIdentifier>{e62655b9-70cb-4a48-aaa2-701ea3583b6a}</UniqueIdentifier>
    </Filter>
    <Filter Include="Engine\03.Manager\BoardManager">
      <UniqueIdentifier>{28b209cb-a525-41c1-8162-a26c4f43e1ec}</UniqueIdentifier>
    </Filter>
    <Filter Include="Engine\03.Manager\BoardManager\DisjointSet">
      <UniqueIdentifier>{6244863b-395d-476b-9e6c-27604a48c970}</UniqueIdentifier>
    </Filter>
  </ItemGroup>
  <ItemGroup>
    <ClInclude Include="Client.h">
      <Filter>Default\Andromeda</Filter>
    </ClInclude>
    <ClInclude Include="framework.h">
      <Filter>Default\Andromeda</Filter>
    </ClInclude>
    <ClInclude Include="Resource.h">
      <Filter>Default\Andromeda</Filter>
    </ClInclude>
    <ClInclude Include="targetver.h">
      <Filter>Default\Andromeda</Filter>
    </ClInclude>
    <ClInclude Include="Core.h">
      <Filter>Engine\02.Core</Filter>
    </ClInclude>
    <ClInclude Include="define.h">
      <Filter>Engine\01.Header</Filter>
    </ClInclude>
    <ClInclude Include="KeyManager.h">
      <Filter>Engine\03.Manager\Key</Filter>
    </ClInclude>
    <ClInclude Include="pch.h" />
    <ClInclude Include="Object.h">
      <Filter>Engine\04.Object</Filter>
    </ClInclude>
    <ClInclude Include="TimeManager.h">
      <Filter>Engine\03.Manager\Time</Filter>
    </ClInclude>
    <ClInclude Include="Scene.h">
      <Filter>Engine\05.Scene</Filter>
    </ClInclude>
    <ClInclude Include="SceneManager.h">
      <Filter>Engine\03.Manager\Scene</Filter>
    </ClInclude>
    <ClInclude Include="Manager.h">
      <Filter>Engine\03.Manager</Filter>
    </ClInclude>
    <ClInclude Include="StartScene.h">
      <Filter>Engine\05.Scene\Scenes</Filter>
    </ClInclude>
    <ClInclude Include="MainMenuScene.h">
      <Filter>Engine\05.Scene\Scenes</Filter>
    </ClInclude>
    <ClInclude Include="SimpleMath.h">
      <Filter>Engine\99.Utils</Filter>
    </ClInclude>
    <ClInclude Include="types.h">
      <Filter>Engine\01.Header</Filter>
    </ClInclude>
    <ClInclude Include="Player.h">
      <Filter>Engine\04.Object\GameObject\UnitObject\Player</Filter>
    </ClInclude>
    <ClInclude Include="Rect.h">
      <Filter>Engine\04.Object\GameObject\UnitObject\Rect</Filter>
    </ClInclude>
    <ClInclude Include="Monster.h">
      <Filter>Engine\04.Object\GameObject\UnitObject\Monster</Filter>
    </ClInclude>
    <ClInclude Include="Brick.h">
      <Filter>Engine\04.Object\GameObject\UnitObject\Rect\Brick</Filter>
    </ClInclude>
    <ClInclude Include="enums.h">
      <Filter>Engine\01.Header</Filter>
    </ClInclude>
    <ClInclude Include="ProjectileLine.h">
      <Filter>Engine\04.Object\GameObject\UnitObject\Player\ProjectileLine</Filter>
    </ClInclude>
    <ClInclude Include="Projectile.h">
      <Filter>Engine\04.Object\GameObject\UnitObject\Projectile</Filter>
    </ClInclude>
    <ClInclude Include="Projectile_Sin.h">
      <Filter>Engine\04.Object\GameObject\UnitObject\Projectile\Projectile_Sin</Filter>
    </ClInclude>
    <ClInclude Include="Projectile_Cos.h">
      <Filter>Engine\04.Object\GameObject\UnitObject\Projectile\Projectile_Cos</Filter>
    </ClInclude>
    <ClInclude Include="Resources.h">
      <Filter>Engine\06.Resource</Filter>
    </ClInclude>
    <ClInclude Include="Texture.h">
      <Filter>Engine\06.Resource\Texture</Filter>
    </ClInclude>
    <ClInclude Include="Sound.h">
      <Filter>Engine\06.Resource\Sound</Filter>
    </ClInclude>
    <ClInclude Include="PathManager.h">
      <Filter>Engine\03.Manager\PathManager</Filter>
    </ClInclude>
    <ClInclude Include="ResourceManager.h">
      <Filter>Engine\03.Manager\ResourceManager</Filter>
    </ClInclude>
    <ClInclude Include="Collider.h">
      <Filter>Engine\07.Component\Collider</Filter>
    </ClInclude>
    <ClInclude Include="SelectGDI.h">
      <Filter>Engine\99.Utils\SelectGDI</Filter>
    </ClInclude>
    <ClInclude Include="CollisionManager.h">
      <Filter>Engine\03.Manager\CollisionManager</Filter>
    </ClInclude>
    <ClInclude Include="EventManager.h">
      <Filter>Engine\03.Manager\EventManager</Filter>
    </ClInclude>
    <ClInclude Include="Func.h">
      <Filter>Engine\99.Utils</Filter>
    </ClInclude>
    <ClInclude Include="Component.h">
      <Filter>Engine\07.Component</Filter>
    </ClInclude>
    <ClInclude Include="Animator.h">
      <Filter>Engine\07.Component\Animator</Filter>
    </ClInclude>
    <ClInclude Include="Movement.h">
      <Filter>Engine\07.Component\Movement</Filter>
    </ClInclude>
    <ClInclude Include="Animation.h">
      <Filter>Engine\07.Component\ChildComponent\Animations</Filter>
    </ClInclude>
    <ClInclude Include="ChildComponent.h">
      <Filter>Engine\07.Component\ChildComponent</Filter>
    </ClInclude>
    <ClInclude Include="Camera.h">
      <Filter>Engine\08.Camera</Filter>
    </ClInclude>
    <ClInclude Include="WMath.h">
      <Filter>Engine\99.Utils</Filter>
    </ClInclude>
    <ClInclude Include="Command.h">
      <Filter>Engine\03.Manager\Key\Command</Filter>
    </ClInclude>
    <ClInclude Include="UnitObject.h">
      <Filter>Engine\04.Object\GameObject\UnitObject</Filter>
    </ClInclude>
    <ClInclude Include="Command_FireMissile.h">
      <Filter>Engine\03.Manager\Key\Command\FireMissile</Filter>
    </ClInclude>
    <ClInclude Include="InputHandler.h">
      <Filter>Engine\07.Component\InputHandler</Filter>
    </ClInclude>
    <ClInclude Include="ToolScene.h">
      <Filter>Engine\05.Scene\Scenes</Filter>
    </ClInclude>
    <ClInclude Include="Tile.h">
      <Filter>Engine\04.Object\GameObject\Tile</Filter>
    </ClInclude>
    <ClInclude Include="GameObject.h">
      <Filter>Engine\04.Object\GameObject</Filter>
    </ClInclude>
    <ClInclude Include="Tool.h">
      <Filter>Engine\99.Utils</Filter>
    </ClInclude>
    <ClInclude Include="UI.h">
      <Filter>Engine\04.Object\UI_Object</Filter>
    </ClInclude>
    <ClInclude Include="UIManager.h">
      <Filter>Engine\03.Manager\UIManager</Filter>
    </ClInclude>
    <ClInclude Include="BoardManager.h">
      <Filter>Engine\03.Manager\BoardManager</Filter>
    </ClInclude>
    <ClInclude Include="DisjointSet.h">
      <Filter>Engine\03.Manager\BoardManager\DisjointSet</Filter>
    </ClInclude>
    <ClInclude Include="structs.h">
      <Filter>Engine\01.Header</Filter>
    </ClInclude>
  </ItemGroup>
  <ItemGroup>
    <ClCompile Include="main.cpp">
      <Filter>Default\Source Files</Filter>
    </ClCompile>
    <ClCompile Include="Core.cpp">
      <Filter>Engine\02.Core</Filter>
    </ClCompile>
    <ClCompile Include="KeyManager.cpp">
      <Filter>Engine\03.Manager\Key</Filter>
    </ClCompile>
    <ClCompile Include="Object.cpp">
      <Filter>Engine\04.Object</Filter>
    </ClCompile>
    <ClCompile Include="TimeManager.cpp">
      <Filter>Engine\03.Manager\Time</Filter>
    </ClCompile>
    <ClCompile Include="Scene.cpp">
      <Filter>Engine\05.Scene</Filter>
    </ClCompile>
    <ClCompile Include="SceneManager.cpp">
      <Filter>Engine\03.Manager\Scene</Filter>
    </ClCompile>
    <ClCompile Include="Manager.cpp">
      <Filter>Engine\03.Manager</Filter>
    </ClCompile>
    <ClCompile Include="StartScene.cpp">
      <Filter>Engine\05.Scene\Scenes</Filter>
    </ClCompile>
    <ClCompile Include="MainMenuScene.cpp">
      <Filter>Engine\05.Scene\Scenes</Filter>
    </ClCompile>
    <ClCompile Include="SimpleMath.cpp">
      <Filter>Engine\99.Utils</Filter>
    </ClCompile>
    <ClCompile Include="Player.cpp">
      <Filter>Engine\04.Object\GameObject\UnitObject\Player</Filter>
    </ClCompile>
    <ClCompile Include="Rect.cpp">
      <Filter>Engine\04.Object\GameObject\UnitObject\Rect</Filter>
    </ClCompile>
    <ClCompile Include="Monster.cpp">
      <Filter>Engine\04.Object\GameObject\UnitObject\Monster</Filter>
    </ClCompile>
    <ClCompile Include="Brick.cpp">
      <Filter>Engine\04.Object\GameObject\UnitObject\Rect\Brick</Filter>
    </ClCompile>
    <ClCompile Include="ProjectileLine.cpp">
      <Filter>Engine\04.Object\GameObject\UnitObject\Player\ProjectileLine</Filter>
    </ClCompile>
    <ClCompile Include="Projectile.cpp">
      <Filter>Engine\04.Object\GameObject\UnitObject\Projectile</Filter>
    </ClCompile>
    <ClCompile Include="Projectile_Sin.cpp">
      <Filter>Engine\04.Object\GameObject\UnitObject\Projectile\Projectile_Sin</Filter>
    </ClCompile>
    <ClCompile Include="Projectile_Cos.cpp">
      <Filter>Engine\04.Object\GameObject\UnitObject\Projectile\Projectile_Cos</Filter>
    </ClCompile>
    <ClCompile Include="Resources.cpp">
      <Filter>Engine\06.Resource</Filter>
    </ClCompile>
    <ClCompile Include="Texture.cpp">
      <Filter>Engine\06.Resource\Texture</Filter>
    </ClCompile>
    <ClCompile Include="Sound.cpp">
      <Filter>Engine\06.Resource\Sound</Filter>
    </ClCompile>
    <ClCompile Include="PathManager.cpp">
      <Filter>Engine\03.Manager\PathManager</Filter>
    </ClCompile>
    <ClCompile Include="ResourceManager.cpp">
      <Filter>Engine\03.Manager\ResourceManager</Filter>
    </ClCompile>
    <ClCompile Include="Collider.cpp">
      <Filter>Engine\07.Component\Collider</Filter>
    </ClCompile>
    <ClCompile Include="SelectGDI.cpp">
      <Filter>Engine\99.Utils\SelectGDI</Filter>
    </ClCompile>
    <ClCompile Include="CollisionManager.cpp">
      <Filter>Engine\03.Manager\CollisionManager</Filter>
    </ClCompile>
    <ClCompile Include="EventManager.cpp">
      <Filter>Engine\03.Manager\EventManager</Filter>
    </ClCompile>
    <ClCompile Include="Func.cpp">
      <Filter>Engine\99.Utils</Filter>
    </ClCompile>
    <ClCompile Include="Component.cpp">
      <Filter>Engine\07.Component</Filter>
    </ClCompile>
    <ClCompile Include="Animator.cpp">
      <Filter>Engine\07.Component\Animator</Filter>
    </ClCompile>
    <ClCompile Include="Movement.cpp">
      <Filter>Engine\07.Component\Movement</Filter>
    </ClCompile>
    <ClCompile Include="Animation.cpp">
      <Filter>Engine\07.Component\ChildComponent\Animations</Filter>
    </ClCompile>
    <ClCompile Include="ChildComponent.cpp">
      <Filter>Engine\07.Component\ChildComponent</Filter>
    </ClCompile>
    <ClCompile Include="Camera.cpp">
      <Filter>Engine\08.Camera</Filter>
    </ClCompile>
    <ClCompile Include="WMath.cpp">
      <Filter>Engine\99.Utils</Filter>
    </ClCompile>
    <ClCompile Include="Command.cpp">
      <Filter>Engine\03.Manager\Key\Command</Filter>
    </ClCompile>
    <ClCompile Include="UnitObject.cpp">
      <Filter>Engine\04.Object\GameObject\UnitObject</Filter>
    </ClCompile>
    <ClCompile Include="Command_FireMissile.cpp">
      <Filter>Engine\03.Manager\Key\Command\FireMissile</Filter>
    </ClCompile>
    <ClCompile Include="InputHandler.cpp">
      <Filter>Engine\07.Component\InputHandler</Filter>
    </ClCompile>
    <ClCompile Include="ToolScene.cpp">
      <Filter>Engine\05.Scene\Scenes</Filter>
    </ClCompile>
    <ClCompile Include="Tile.cpp">
      <Filter>Engine\04.Object\GameObject\Tile</Filter>
    </ClCompile>
    <ClCompile Include="GameObject.cpp">
      <Filter>Engine\04.Object\GameObject</Filter>
    </ClCompile>
    <ClCompile Include="Tool.cpp">
      <Filter>Engine\99.Utils</Filter>
    </ClCompile>
    <ClCompile Include="UI.cpp">
      <Filter>Engine\04.Object\UI_Object</Filter>
    </ClCompile>
    <ClCompile Include="UIManager.cpp">
      <Filter>Engine\03.Manager\UIManager</Filter>
    </ClCompile>
    <ClCompile Include="BoardManager.cpp">
      <Filter>Engine\03.Manager\BoardManager</Filter>
    </ClCompile>
    <ClCompile Include="DisjointSet.cpp">
      <Filter>Engine\03.Manager\BoardManager\DisjointSet</Filter>
    </ClCompile>
  </ItemGroup>
  <ItemGroup>
    <ResourceCompile Include="Client.rc">
      <Filter>Default\Resource Files</Filter>
    </ResourceCompile>
  </ItemGroup>
  <ItemGroup>
    <Image Include="small.ico">
      <Filter>Default\Resource Files</Filter>
    </Image>
    <Image Include="Client.ico">
      <Filter>Default\Resource Files</Filter>
    </Image>
  </ItemGroup>
  <ItemGroup>
    <None Include="SimpleMath.inl">
      <Filter>Engine\99.Utils</Filter>
    </None>
    <None Include="X" />
  </ItemGroup>
</Project>