
Microsoft Visual Studio Solution File, Format Version 12.00
# Visual Studio Version 17
VisualStudioVersion = 17.7.34031.279
MinimumVisualStudioVersion = 10.0.40219.1
Project("{8BC9CEB8-8B4A-11D0-8D11-00A0C91BC942}") = "Client", "Client\Client.vcxproj", "{0DE078E1-2AA0-4B3A-B9C9-649E1472B94D}"
EndProject
Global
	GlobalSection(SolutionConfigurationPlatforms) = preSolution
		Debug|x64 = Debug|x64
		Debug|x86 = Debug|x86
		Release|x64 = Release|x64
		Release|x86 = Release|x86
	EndGlobalSection
	GlobalSection(ProjectConfigurationPlatforms) = postSolution
		{0DE078E1-2AA0-4B3A-B9C9-649E1472B94D}.Debug|x64.ActiveCfg = Debug|x64
		{0DE078E1-2AA0-4B3A-B9C9-649E1472B94D}.Debug|x64.Build.0 = Debug|x64
		{0DE078E1-2AA0-4B3A-B9C9-649E1472B94D}.Debug|x86.ActiveCfg = Debug|Win32
		{0DE078E1-2AA0-4B3A-B9C9-649E1472B94D}.Debug|x86.Build.0 = Debug|Win32
		{0DE078E1-2AA0-4B3A-B9C9-649E1472B94D}.Release|x64.ActiveCfg = Release|x64
		{0DE078E1-2AA0-4B3A-B9C9-649E1472B94D}.Release|x64.Build.0 = Release|x64
		{0DE078E1-2AA0-4B3A-B9C9-649E1472B94D}.Release|x86.ActiveCfg = Release|Win32
		{0DE078E1-2AA0-4B3A-B9C9-649E1472B94D}.Release|x86.Build.0 = Release|Win32
	EndGlobalSection
	GlobalSection(SolutionProperties) = preSolution
		HideSolutionNode = FALSE
	EndGlobalSection
	GlobalSection(ExtensibilityGlobals) = postSolution
		SolutionGuid = {3DB170F7-292C-451C-BF43-B7FD67530849}
	EndGlobalSection
EndGlobal
